
Microsoft Visual Studio Solution File, Format Version 12.00
# Visual Studio Version 17
VisualStudioVersion = 17.11.35327.3
MinimumVisualStudioVersion = 10.0.40219.1
Project("{8BC9CEB8-8B4A-11D0-8D11-00A0C91BC942}") = "abstrclas", "abstrclas\abstrclas.vcxproj", "{1A468CE2-53D9-472E-B577-B72AAB58AEF3}"
EndProject
Global
	GlobalSection(SolutionConfigurationPlatforms) = preSolution
		Debug|x64 = Debug|x64
		Debug|x86 = Debug|x86
		Release|x64 = Release|x64
		Release|x86 = Release|x86
	EndGlobalSection
	GlobalSection(ProjectConfigurationPlatforms) = postSolution
		{1A468CE2-53D9-472E-B577-B72AAB58AEF3}.Debug|x64.ActiveCfg = Debug|x64
		{1A468CE2-53D9-472E-B577-B72AAB58AEF3}.Debug|x64.Build.0 = Debug|x64
		{1A468CE2-53D9-472E-B577-B72AAB58AEF3}.Debug|x86.ActiveCfg = Debug|Win32
		{1A468CE2-53D9-472E-B577-B72AAB58AEF3}.Debug|x86.Build.0 = Debug|Win32
		{1A468CE2-53D9-472E-B577-B72AAB58AEF3}.Release|x64.ActiveCfg = Release|x64
		{1A468CE2-53D9-472E-B577-B72AAB58AEF3}.Release|x64.Build.0 = Release|x64
		{1A468CE2-53D9-472E-B577-B72AAB58AEF3}.Release|x86.ActiveCfg = Release|Win32
		{1A468CE2-53D9-472E-B577-B72AAB58AEF3}.Release|x86.Build.0 = Release|Win32
	EndGlobalSection
	GlobalSection(SolutionProperties) = preSolution
		HideSolutionNode = FALSE
	EndGlobalSection
	GlobalSection(ExtensibilityGlobals) = postSolution
		SolutionGuid = {A5DCDE57-8E2D-40D9-BE6C-101B7E66729A}
	EndGlobalSection
EndGlobal
